<?xml version="1.0" encoding="utf-8"?>
<Project ToolsVersion="4.0" xmlns="http://schemas.microsoft.com/developer/msbuild/2003">
  <ItemGroup>
    <Filter Include="Scene">
      <UniqueIdentifier>{2b8d1595-edd3-4fe9-bba6-3593e4ea4ad9}</UniqueIdentifier>
    </Filter>
    <Filter Include="Stage">
      <UniqueIdentifier>{04553e4e-6eea-4206-9cc7-0dc9f3204011}</UniqueIdentifier>
    </Filter>
    <Filter Include="Stage\GameStage">
      <UniqueIdentifier>{fada3c95-3477-4735-9e02-e6e15deeeb71}</UniqueIdentifier>
    </Filter>
    <Filter Include="Utility">
      <UniqueIdentifier>{1a13b8fa-a2d5-4baf-ac14-594626b86fb1}</UniqueIdentifier>
    </Filter>
    <Filter Include="DebugClass">
      <UniqueIdentifier>{3a517626-971a-4fb5-9f05-997cab10addd}</UniqueIdentifier>
    </Filter>
    <Filter Include="StageObject">
      <UniqueIdentifier>{d34aa44d-fef4-4a73-83db-e1c9a2a8794c}</UniqueIdentifier>
    </Filter>
    <Filter Include="StageObject\Player">
      <UniqueIdentifier>{758079ae-d728-4e1c-ad2e-025e95cf9ff4}</UniqueIdentifier>
    </Filter>
    <Filter Include="StageObject\Block">
      <UniqueIdentifier>{dbd40ea9-3aac-4391-8942-b535ef0b1167}</UniqueIdentifier>
    </Filter>
    <Filter Include="Component">
      <UniqueIdentifier>{81af0442-a588-42fb-a099-1115307a51ab}</UniqueIdentifier>
    </Filter>
    <Filter Include="Effekseer">
      <UniqueIdentifier>{3405a118-2563-4875-991a-ef2fcec3faf8}</UniqueIdentifier>
    </Filter>
    <Filter Include="Component\PhysicalBehavior">
      <UniqueIdentifier>{94090a19-3d33-4272-a653-1628a734fbbf}</UniqueIdentifier>
    </Filter>
    <Filter Include="Stage\Debug">
      <UniqueIdentifier>{0b48198d-7a75-46bf-b604-a58437fc621e}</UniqueIdentifier>
    </Filter>
    <Filter Include="Stage\Debug\DebugStage">
      <UniqueIdentifier>{a8bbd0dd-127e-4e1f-9dce-ef2c50fcf49a}</UniqueIdentifier>
    </Filter>
    <Filter Include="Stage\Debug\JONYMDStage">
      <UniqueIdentifier>{8a91563b-325e-4b2f-b86a-479803bb1458}</UniqueIdentifier>
    </Filter>
    <Filter Include="Stage\Debug\SatoStage">
      <UniqueIdentifier>{d0b88534-eaa2-4fee-9df7-afbc0f4748a0}</UniqueIdentifier>
    </Filter>
    <Filter Include="Stage\Debug\WatanabeStage">
      <UniqueIdentifier>{4188ce3a-c531-4343-8584-3a51a19c40f5}</UniqueIdentifier>
    </Filter>
    <Filter Include="Stage\TitleStage">
      <UniqueIdentifier>{37669de7-443d-44c2-abc3-d958d1e09273}</UniqueIdentifier>
    </Filter>
    <Filter Include="Stage\ResultStage">
      <UniqueIdentifier>{fba10ab4-90e4-4631-a2d0-bafda26cb34f}</UniqueIdentifier>
    </Filter>
    <Filter Include="StageObject\Bullet">
      <UniqueIdentifier>{19751d65-f1d8-4c81-b147-55380dbdaedc}</UniqueIdentifier>
    </Filter>
    <Filter Include="Setting">
      <UniqueIdentifier>{1e986d81-5165-4176-8b67-2176ae11a0f4}</UniqueIdentifier>
    </Filter>
    <Filter Include="Camera">
      <UniqueIdentifier>{e087748a-aaa5-4b76-a7e9-2d358afb8684}</UniqueIdentifier>
    </Filter>
    <Filter Include="UI">
      <UniqueIdentifier>{226133df-9ac4-492c-9877-025e693e752a}</UniqueIdentifier>
    </Filter>
    <Filter Include="UI\TitleSprite">
      <UniqueIdentifier>{add3088f-01cd-4bc8-b9ea-cf30cfcaaded}</UniqueIdentifier>
    </Filter>
    <Filter Include="JonyMd">
      <UniqueIdentifier>{5e611ea7-2f55-439e-be59-ff4b4385e58f}</UniqueIdentifier>
    </Filter>
    <Filter Include="Menu">
      <UniqueIdentifier>{92d6c959-a3ba-4376-9ed0-3b25b3cfa862}</UniqueIdentifier>
    </Filter>
    <Filter Include="Utility\CSVLoad">
      <UniqueIdentifier>{7430e74c-1c60-4668-bed4-fd3a96d3d351}</UniqueIdentifier>
    </Filter>
    <Filter Include="Utility\GroundingDecision">
      <UniqueIdentifier>{3c138790-97a8-4741-9ffe-a9fd20d08c75}</UniqueIdentifier>
    </Filter>
    <Filter Include="Utility\TimeCounter">
      <UniqueIdentifier>{aaff4d9c-384e-4374-86a4-c0855d57d8c8}</UniqueIdentifier>
    </Filter>
    <Filter Include="UI\StringSprite2">
      <UniqueIdentifier>{039d2856-a65f-4488-8cd0-608b70f6780e}</UniqueIdentifier>
    </Filter>
    <Filter Include="Component\FadeComponent">
      <UniqueIdentifier>{c9d23716-e422-4149-8d26-d4671befcb2c}</UniqueIdentifier>
    </Filter>
    <Filter Include="UI\BaseUI">
      <UniqueIdentifier>{44dc54f6-e806-433a-a822-b3e42e60cd62}</UniqueIdentifier>
    </Filter>
    <Filter Include="UI\Canvas">
      <UniqueIdentifier>{38361008-53fd-40d8-afa2-b230f8e9a6cf}</UniqueIdentifier>
    </Filter>
    <Filter Include="UI\SimpleSprite">
      <UniqueIdentifier>{41a8978e-2833-429b-bc17-0760ff6f3a9b}</UniqueIdentifier>
    </Filter>
    <Filter Include="StageObject\Bomb">
      <UniqueIdentifier>{6fe3fda3-fdff-44b1-8801-4350ebabd2d8}</UniqueIdentifier>
    </Filter>
    <Filter Include="Utility\PredictionLine">
      <UniqueIdentifier>{90cf575b-3825-4862-8c0c-1cfc21ca600e}</UniqueIdentifier>
    </Filter>
    <Filter Include="Component\LifeSpan">
      <UniqueIdentifier>{2963c5c4-d966-4967-8f6d-eb07b1559f1c}</UniqueIdentifier>
    </Filter>
    <Filter Include="Manager">
      <UniqueIdentifier>{31f89d01-371a-4aad-b82a-b500d54514d8}</UniqueIdentifier>
    </Filter>
    <Filter Include="Manager\ControllerManager">
      <UniqueIdentifier>{c018e5db-7117-497b-8652-e410f9f938f2}</UniqueIdentifier>
    </Filter>
    <Filter Include="Manager\PlayerManager">
      <UniqueIdentifier>{c8422ba4-b059-4683-9370-1346af62f6c4}</UniqueIdentifier>
    </Filter>
    <Filter Include="StageObject\FallDecision">
      <UniqueIdentifier>{8e0379d1-5859-489c-93a0-2920b8b7c764}</UniqueIdentifier>
    </Filter>
  </ItemGroup>
  <ItemGroup>
    <ClInclude Include="$(MSBuildThisFileDirectory)Project.h" />
    <ClInclude Include="$(MSBuildThisFileDirectory)Stage\GameStage.h">
      <Filter>Stage\GameStage</Filter>
    </ClInclude>
    <ClInclude Include="$(MSBuildThisFileDirectory)Scene.h">
      <Filter>Scene</Filter>
    </ClInclude>
    <ClInclude Include="$(MSBuildThisFileDirectory)Utility\Utility.h">
      <Filter>Utility</Filter>
    </ClInclude>
    <ClInclude Include="$(MSBuildThisFileDirectory)Effekseer\EfkInterface.h">
      <Filter>Effekseer</Filter>
    </ClInclude>
    <ClInclude Include="$(MSBuildThisFileDirectory)Effekseer\EfkComponent.h">
      <Filter>Effekseer</Filter>
    </ClInclude>
    <ClInclude Include="$(MSBuildThisFileDirectory)Effekseer\EfkEffectResource.h">
      <Filter>Effekseer</Filter>
    </ClInclude>
    <ClInclude Include="$(MSBuildThisFileDirectory)Effekseer\EfkEffect.h">
      <Filter>Effekseer</Filter>
    </ClInclude>
    <ClInclude Include="$(MSBuildThisFileDirectory)DebugClass\Debug.h">
      <Filter>DebugClass</Filter>
    </ClInclude>
    <ClInclude Include="$(MSBuildThisFileDirectory)Stage\DebugStage.h">
      <Filter>Stage\Debug\DebugStage</Filter>
    </ClInclude>
    <ClInclude Include="$(MSBuildThisFileDirectory)Stage\JONYMDStage.h">
      <Filter>Stage\Debug\JONYMDStage</Filter>
    </ClInclude>
    <ClInclude Include="$(MSBuildThisFileDirectory)Stage\SatoStage.h">
      <Filter>Stage\Debug\SatoStage</Filter>
    </ClInclude>
    <ClInclude Include="$(MSBuildThisFileDirectory)Stage\WatanabeStage.h">
      <Filter>Stage\Debug\WatanabeStage</Filter>
    </ClInclude>
    <ClInclude Include="$(MSBuildThisFileDirectory)StageObject\Block.h">
      <Filter>StageObject\Block</Filter>
    </ClInclude>
    <ClInclude Include="$(MSBuildThisFileDirectory)StageObject\PlayerBase.h">
      <Filter>StageObject\Player</Filter>
    </ClInclude>
    <ClInclude Include="$(MSBuildThisFileDirectory)DebugClass\DebugCamera.h">
      <Filter>DebugClass</Filter>
    </ClInclude>
    <ClInclude Include="$(MSBuildThisFileDirectory)Component\PhysicalBehavior.h">
      <Filter>Component\PhysicalBehavior</Filter>
    </ClInclude>
    <ClInclude Include="$(MSBuildThisFileDirectory)StageObject\StageObject.h">
      <Filter>StageObject</Filter>
    </ClInclude>
    <ClInclude Include="$(MSBuildThisFileDirectory)Stage\TitleStage.h">
      <Filter>Stage\TitleStage</Filter>
    </ClInclude>
    <ClInclude Include="$(MSBuildThisFileDirectory)Stage\ResultStage.h">
      <Filter>Stage\ResultStage</Filter>
    </ClInclude>
    <ClInclude Include="$(MSBuildThisFileDirectory)StageObject\Bullet.h">
      <Filter>StageObject\Bullet</Filter>
    </ClInclude>
    <ClInclude Include="$(MSBuildThisFileDirectory)SpecialCamera\SpCamera.h">
      <Filter>Camera</Filter>
    </ClInclude>
    <ClInclude Include="$(MSBuildThisFileDirectory)UIs\TitleSprite.h">
      <Filter>UI\TitleSprite</Filter>
    </ClInclude>
    <ClInclude Include="$(MSBuildThisFileDirectory)Setting\CommonSetting.h">
      <Filter>Setting</Filter>
    </ClInclude>
    <ClInclude Include="$(MSBuildThisFileDirectory)Utility\GroundingDecision.h">
      <Filter>Utility\GroundingDecision</Filter>
    </ClInclude>
    <ClInclude Include="$(MSBuildThisFileDirectory)UIs\Menu\BaseMenu.h">
      <Filter>Menu</Filter>
    </ClInclude>
    <ClInclude Include="$(MSBuildThisFileDirectory)UIs\Menu\Cursor.h">
      <Filter>Menu</Filter>
    </ClInclude>
    <ClInclude Include="$(MSBuildThisFileDirectory)Utility\CSVLoad.h">
      <Filter>Utility\CSVLoad</Filter>
    </ClInclude>
    <ClInclude Include="$(MSBuildThisFileDirectory)Utility\TimeCounter.h">
      <Filter>Utility\TimeCounter</Filter>
    </ClInclude>
    <ClInclude Include="$(MSBuildThisFileDirectory)UIs\StringSprite2.h">
      <Filter>UI\StringSprite2</Filter>
    </ClInclude>
    <ClInclude Include="$(MSBuildThisFileDirectory)Component\FadeComponent.h">
      <Filter>Component\FadeComponent</Filter>
    </ClInclude>
    <ClInclude Include="$(MSBuildThisFileDirectory)UIs\BaseUI.h">
      <Filter>UI\BaseUI</Filter>
    </ClInclude>
    <ClInclude Include="$(MSBuildThisFileDirectory)UIs\Canvas.h">
      <Filter>UI\Canvas</Filter>
    </ClInclude>
    <ClInclude Include="$(MSBuildThisFileDirectory)UIs\UIHeader.h">
      <Filter>UI</Filter>
    </ClInclude>
    <ClInclude Include="$(MSBuildThisFileDirectory)UIs\SimpleSprite.h">
      <Filter>UI\SimpleSprite</Filter>
    </ClInclude>
    <ClInclude Include="$(MSBuildThisFileDirectory)JonyMd\CountDown.h">
      <Filter>JonyMd</Filter>
    </ClInclude>
    <ClInclude Include="$(MSBuildThisFileDirectory)UIs\NumberSprite.h">
      <Filter>UI</Filter>
    </ClInclude>
    <ClInclude Include="$(MSBuildThisFileDirectory)StageObject\Bomb.h">
      <Filter>StageObject\Bomb</Filter>
    </ClInclude>
    <ClInclude Include="$(MSBuildThisFileDirectory)Utility\PredictionLine.h">
      <Filter>Utility\PredictionLine</Filter>
    </ClInclude>
    <ClInclude Include="$(MSBuildThisFileDirectory)Utility\LinePoint.h">
      <Filter>Utility\PredictionLine</Filter>
    </ClInclude>
    <ClInclude Include="$(MSBuildThisFileDirectory)Utility\LinePoint.h" />
    <ClInclude Include="$(MSBuildThisFileDirectory)Component\LifeSpan.h">
      <Filter>Component\LifeSpan</Filter>
    </ClInclude>
    <ClInclude Include="$(MSBuildThisFileDirectory)StageObject\ManualPlayer.h">
      <Filter>StageObject\Player</Filter>
    </ClInclude>
    <ClInclude Include="$(MSBuildThisFileDirectory)Manager\ControllerManager.h">
      <Filter>Manager\ControllerManager</Filter>
    </ClInclude>
    <ClInclude Include="$(MSBuildThisFileDirectory)Manager\PlayerManager.h">
      <Filter>Manager\PlayerManager</Filter>
    </ClInclude>
    <ClInclude Include="$(MSBuildThisFileDirectory)StageObject\FallDecision.h">
      <Filter>StageObject\FallDecision</Filter>
    </ClInclude>
  </ItemGroup>
  <ItemGroup>
    <ClCompile Include="$(MSBuildThisFileDirectory)WinMain.cpp" />
    <ClCompile Include="$(MSBuildThisFileDirectory)Stage\GameStage.cpp">
      <Filter>Stage\GameStage</Filter>
    </ClCompile>
    <ClCompile Include="$(MSBuildThisFileDirectory)Scene.cpp">
      <Filter>Scene</Filter>
    </ClCompile>
    <ClCompile Include="$(MSBuildThisFileDirectory)Utility\Utility.cpp">
      <Filter>Utility</Filter>
    </ClCompile>
    <ClCompile Include="$(MSBuildThisFileDirectory)Effekseer\EfkInterface.cpp">
      <Filter>Effekseer</Filter>
    </ClCompile>
    <ClCompile Include="$(MSBuildThisFileDirectory)Effekseer\EfkComponent.cpp">
      <Filter>Effekseer</Filter>
    </ClCompile>
    <ClCompile Include="$(MSBuildThisFileDirectory)Effekseer\EfkEffectResource.cpp">
      <Filter>Effekseer</Filter>
    </ClCompile>
    <ClCompile Include="$(MSBuildThisFileDirectory)DebugClass\Debug.cpp">
      <Filter>DebugClass</Filter>
    </ClCompile>
    <ClCompile Include="$(MSBuildThisFileDirectory)Stage\DebugStage.cpp">
      <Filter>Stage\Debug\DebugStage</Filter>
    </ClCompile>
    <ClCompile Include="$(MSBuildThisFileDirectory)Stage\JONYMDStage.cpp">
      <Filter>Stage\Debug\JONYMDStage</Filter>
    </ClCompile>
    <ClCompile Include="$(MSBuildThisFileDirectory)Stage\SatoStage.cpp">
      <Filter>Stage\Debug\SatoStage</Filter>
    </ClCompile>
    <ClCompile Include="$(MSBuildThisFileDirectory)Stage\WatanabeStage.cpp">
      <Filter>Stage\Debug\WatanabeStage</Filter>
    </ClCompile>
    <ClCompile Include="$(MSBuildThisFileDirectory)StageObject\Block.cpp">
      <Filter>StageObject\Block</Filter>
    </ClCompile>
    <ClCompile Include="$(MSBuildThisFileDirectory)StageObject\PlayerBase.cpp">
      <Filter>StageObject\Player</Filter>
    </ClCompile>
    <ClCompile Include="$(MSBuildThisFileDirectory)DebugClass\DebugCamera.cpp">
      <Filter>DebugClass</Filter>
    </ClCompile>
    <ClCompile Include="$(MSBuildThisFileDirectory)Component\PhysicalBehavior.cpp">
      <Filter>Component\PhysicalBehavior</Filter>
    </ClCompile>
    <ClCompile Include="$(MSBuildThisFileDirectory)StageObject\StageObject.cpp">
      <Filter>StageObject</Filter>
    </ClCompile>
    <ClCompile Include="$(MSBuildThisFileDirectory)Stage\TitleStage.cpp">
      <Filter>Stage\TitleStage</Filter>
    </ClCompile>
    <ClCompile Include="$(MSBuildThisFileDirectory)Stage\ResultStage.cpp">
      <Filter>Stage\ResultStage</Filter>
    </ClCompile>
    <ClCompile Include="$(MSBuildThisFileDirectory)StageObject\Bullet.cpp">
      <Filter>StageObject\Bullet</Filter>
    </ClCompile>
    <ClCompile Include="$(MSBuildThisFileDirectory)SpecialCamera\SpCamera.cpp">
      <Filter>Camera</Filter>
    </ClCompile>
    <ClCompile Include="$(MSBuildThisFileDirectory)UIs\TitleSprite.cpp">
      <Filter>UI\TitleSprite</Filter>
    </ClCompile>
    <ClCompile Include="$(MSBuildThisFileDirectory)Setting\CommonSetting.cpp">
      <Filter>Setting</Filter>
    </ClCompile>
    <ClCompile Include="$(MSBuildThisFileDirectory)Utility\GroundingDecision.cpp">
      <Filter>Utility\GroundingDecision</Filter>
    </ClCompile>
    <ClCompile Include="$(MSBuildThisFileDirectory)UIs\Menu\BaseMenu.cpp">
      <Filter>Menu</Filter>
    </ClCompile>
    <ClCompile Include="$(MSBuildThisFileDirectory)UIs\Menu\Cursor.cpp">
      <Filter>Menu</Filter>
    </ClCompile>
    <ClCompile Include="$(MSBuildThisFileDirectory)Utility\CSVLoad.cpp">
      <Filter>Utility\CSVLoad</Filter>
    </ClCompile>
    <ClCompile Include="$(MSBuildThisFileDirectory)Utility\TimeCounter.cpp">
      <Filter>Utility\TimeCounter</Filter>
    </ClCompile>
    <ClCompile Include="$(MSBuildThisFileDirectory)UIs\StringSprite2.cpp">
      <Filter>UI\StringSprite2</Filter>
    </ClCompile>
    <ClCompile Include="$(MSBuildThisFileDirectory)Component\FadeComponent.cpp">
      <Filter>Component\FadeComponent</Filter>
    </ClCompile>
    <ClCompile Include="$(MSBuildThisFileDirectory)UIs\BaseUI.cpp">
      <Filter>UI\BaseUI</Filter>
    </ClCompile>
    <ClCompile Include="$(MSBuildThisFileDirectory)UIs\Canvas.cpp">
      <Filter>UI\Canvas</Filter>
    </ClCompile>
    <ClCompile Include="$(MSBuildThisFileDirectory)UIs\SimpleSprite.cpp">
      <Filter>UI\SimpleSprite</Filter>
    </ClCompile>
    <ClCompile Include="$(MSBuildThisFileDirectory)JonyMd\CountDown.cpp">
      <Filter>JonyMd</Filter>
    </ClCompile>
    <ClCompile Include="$(MSBuildThisFileDirectory)UIs\NumberSprite.cpp">
      <Filter>UI</Filter>
    </ClCompile>
    <ClCompile Include="$(MSBuildThisFileDirectory)StageObject\Bomb.cpp">
      <Filter>StageObject\Bomb</Filter>
    </ClCompile>
    <ClCompile Include="$(MSBuildThisFileDirectory)Utility\PredictionLine.cpp">
      <Filter>Utility\PredictionLine</Filter>
    </ClCompile>
    <ClCompile Include="$(MSBuildThisFileDirectory)Utility\LinePoint.cpp">
      <Filter>Utility\PredictionLine</Filter>
    </ClCompile>
    <ClCompile Include="$(MSBuildThisFileDirectory)Utility\LinePoint.cpp" />
    <ClCompile Include="$(MSBuildThisFileDirectory)Component\LifeSpan.cpp">
      <Filter>Component\LifeSpan</Filter>
    </ClCompile>
    <ClCompile Include="$(MSBuildThisFileDirectory)StageObject\ManualPlayer.cpp">
      <Filter>StageObject\Player</Filter>
    </ClCompile>
    <ClCompile Include="$(MSBuildThisFileDirectory)Manager\ControllerManager.cpp">
      <Filter>Manager\ControllerManager</Filter>
    </ClCompile>
    <ClCompile Include="$(MSBuildThisFileDirectory)Manager\PlayerManager.cpp">
      <Filter>Manager\PlayerManager</Filter>
    </ClCompile>
    <ClCompile Include="$(MSBuildThisFileDirectory)StageObject\FallDecision.cpp">
      <Filter>StageObject\FallDecision</Filter>
    </ClCompile>
  </ItemGroup>
</Project>